
Microsoft Visual Studio Solution File, Format Version 12.00
# Visual Studio 15
VisualStudioVersion = 15.0.27428.2043
MinimumVisualStudioVersion = 10.0.40219.1
Project("{FAE04EC0-301F-11D3-BF4B-00C04F79EFBC}") = "ChangeRegister", "Change\ChangeRegister.csproj", "{EA09AF7F-49A9-4AF1-8BDB-BEB99EB2B051}"
EndProject
Global
	GlobalSection(SolutionConfigurationPlatforms) = preSolution
		Debug|Any CPU = Debug|Any CPU
		Release|Any CPU = Release|Any CPU
	EndGlobalSection
	GlobalSection(ProjectConfigurationPlatforms) = postSolution
		{EA09AF7F-49A9-4AF1-8BDB-BEB99EB2B051}.Debug|Any CPU.ActiveCfg = Debug|Any CPU
		{EA09AF7F-49A9-4AF1-8BDB-BEB99EB2B051}.Debug|Any CPU.Build.0 = Debug|Any CPU
		{EA09AF7F-49A9-4AF1-8BDB-BEB99EB2B051}.Release|Any CPU.ActiveCfg = Release|Any CPU
		{EA09AF7F-49A9-4AF1-8BDB-BEB99EB2B051}.Release|Any CPU.Build.0 = Release|Any CPU
	EndGlobalSection
	GlobalSection(SolutionProperties) = preSolution
		HideSolutionNode = FALSE
	EndGlobalSection
	GlobalSection(ExtensibilityGlobals) = postSolution
		SolutionGuid = {FCB7B2A2-E021-43CD-A049-57CB9023EB43}
	EndGlobalSection
EndGlobal
