
Microsoft Visual Studio Solution File, Format Version 12.00
# Visual Studio Version 16
VisualStudioVersion = 16.0.29123.88
MinimumVisualStudioVersion = 10.0.40219.1
Project("{FAE04EC0-301F-11D3-BF4B-00C04F79EFBC}") = "CashRegister", "CashRegister2\CashRegister.csproj", "{BC8D1C42-6F2E-4AE6-937E-485071D56EB0}"
EndProject
Project("{FAE04EC0-301F-11D3-BF4B-00C04F79EFBC}") = "Tests", "Tests\Tests.csproj", "{7F07DA80-04F1-4BD4-8E34-1C7F5060CADB}"
EndProject
Global
	GlobalSection(SolutionConfigurationPlatforms) = preSolution
		Debug|Any CPU = Debug|Any CPU
		Release|Any CPU = Release|Any CPU
	EndGlobalSection
	GlobalSection(ProjectConfigurationPlatforms) = postSolution
		{BC8D1C42-6F2E-4AE6-937E-485071D56EB0}.Debug|Any CPU.ActiveCfg = Debug|Any CPU
		{BC8D1C42-6F2E-4AE6-937E-485071D56EB0}.Debug|Any CPU.Build.0 = Debug|Any CPU
		{BC8D1C42-6F2E-4AE6-937E-485071D56EB0}.Release|Any CPU.ActiveCfg = Release|Any CPU
		{BC8D1C42-6F2E-4AE6-937E-485071D56EB0}.Release|Any CPU.Build.0 = Release|Any CPU
		{7F07DA80-04F1-4BD4-8E34-1C7F5060CADB}.Debug|Any CPU.ActiveCfg = Debug|Any CPU
		{7F07DA80-04F1-4BD4-8E34-1C7F5060CADB}.Debug|Any CPU.Build.0 = Debug|Any CPU
		{7F07DA80-04F1-4BD4-8E34-1C7F5060CADB}.Release|Any CPU.ActiveCfg = Release|Any CPU
		{7F07DA80-04F1-4BD4-8E34-1C7F5060CADB}.Release|Any CPU.Build.0 = Release|Any CPU
	EndGlobalSection
	GlobalSection(SolutionProperties) = preSolution
		HideSolutionNode = FALSE
	EndGlobalSection
	GlobalSection(ExtensibilityGlobals) = postSolution
		SolutionGuid = {80ECC894-4D1A-4B97-BEA0-3107BFE857AC}
	EndGlobalSection
EndGlobal
