
Microsoft Visual Studio Solution File, Format Version 12.00
# Visual Studio 15
VisualStudioVersion = 15.0.27130.2024
MinimumVisualStudioVersion = 10.0.40219.1
Project("{9A19103F-16F7-4668-BE54-9A1E7A4F7556}") = "CashRegisterEngine", "CashRegisterEngine\CashRegisterEngine.csproj", "{04B5CA7A-538D-43D8-8B4F-385CA50AA898}"
EndProject
Project("{9A19103F-16F7-4668-BE54-9A1E7A4F7556}") = "CashRegisterTests", "CashRegisterTests\CashRegisterTests.csproj", "{8C846D52-1BE4-4E6F-8769-835426DB2BBE}"
EndProject
Global
	GlobalSection(SolutionConfigurationPlatforms) = preSolution
		Debug|Any CPU = Debug|Any CPU
		Release|Any CPU = Release|Any CPU
	EndGlobalSection
	GlobalSection(ProjectConfigurationPlatforms) = postSolution
		{04B5CA7A-538D-43D8-8B4F-385CA50AA898}.Debug|Any CPU.ActiveCfg = Debug|Any CPU
		{04B5CA7A-538D-43D8-8B4F-385CA50AA898}.Debug|Any CPU.Build.0 = Debug|Any CPU
		{04B5CA7A-538D-43D8-8B4F-385CA50AA898}.Release|Any CPU.ActiveCfg = Release|Any CPU
		{04B5CA7A-538D-43D8-8B4F-385CA50AA898}.Release|Any CPU.Build.0 = Release|Any CPU
		{8C846D52-1BE4-4E6F-8769-835426DB2BBE}.Debug|Any CPU.ActiveCfg = Debug|Any CPU
		{8C846D52-1BE4-4E6F-8769-835426DB2BBE}.Debug|Any CPU.Build.0 = Debug|Any CPU
		{8C846D52-1BE4-4E6F-8769-835426DB2BBE}.Release|Any CPU.ActiveCfg = Release|Any CPU
		{8C846D52-1BE4-4E6F-8769-835426DB2BBE}.Release|Any CPU.Build.0 = Release|Any CPU
	EndGlobalSection
	GlobalSection(SolutionProperties) = preSolution
		HideSolutionNode = FALSE
	EndGlobalSection
	GlobalSection(ExtensibilityGlobals) = postSolution
		SolutionGuid = {CB6E58D6-2BD3-4F31-B874-4AD707826E95}
	EndGlobalSection
EndGlobal
