
Microsoft Visual Studio Solution File, Format Version 12.00
# Visual Studio 2013
VisualStudioVersion = 12.0.31101.0
MinimumVisualStudioVersion = 10.0.40219.1
Project("{FAE04EC0-301F-11D3-BF4B-00C04F79EFBC}") = "CashDrawSolution", "CashDrawSolution\CashDrawSolution.csproj", "{0AFC17A9-8ABF-49C0-A06F-F89F42E670E2}"
EndProject
Global
	GlobalSection(SolutionConfigurationPlatforms) = preSolution
		Debug|Any CPU = Debug|Any CPU
		Release|Any CPU = Release|Any CPU
	EndGlobalSection
	GlobalSection(ProjectConfigurationPlatforms) = postSolution
		{0AFC17A9-8ABF-49C0-A06F-F89F42E670E2}.Debug|Any CPU.ActiveCfg = Debug|Any CPU
		{0AFC17A9-8ABF-49C0-A06F-F89F42E670E2}.Debug|Any CPU.Build.0 = Debug|Any CPU
		{0AFC17A9-8ABF-49C0-A06F-F89F42E670E2}.Release|Any CPU.ActiveCfg = Release|Any CPU
		{0AFC17A9-8ABF-49C0-A06F-F89F42E670E2}.Release|Any CPU.Build.0 = Release|Any CPU
	EndGlobalSection
	GlobalSection(SolutionProperties) = preSolution
		HideSolutionNode = FALSE
	EndGlobalSection
EndGlobal
