
Microsoft Visual Studio Solution File, Format Version 12.00
# Visual Studio 15
VisualStudioVersion = 15.0.27004.2006
MinimumVisualStudioVersion = 10.0.40219.1
Project("{FAE04EC0-301F-11D3-BF4B-00C04F79EFBC}") = "CashRegister", "CashRegister\CashRegister.csproj", "{871A548F-45E2-4D9A-8AE4-717B3902DE15}"
EndProject
Project("{FAE04EC0-301F-11D3-BF4B-00C04F79EFBC}") = "CashRegister.Core", "CashRegister.Core\CashRegister.Core.csproj", "{453D16F3-D3E4-4386-BEE0-66EB7D81E073}"
EndProject
Project("{FAE04EC0-301F-11D3-BF4B-00C04F79EFBC}") = "CashRegister.Tests", "CashRegister.Tests\CashRegister.Tests.csproj", "{BC91CCDD-13A9-4204-A2C5-4A97C32BB8A2}"
EndProject
Global
	GlobalSection(SolutionConfigurationPlatforms) = preSolution
		Debug|Any CPU = Debug|Any CPU
		Release|Any CPU = Release|Any CPU
	EndGlobalSection
	GlobalSection(ProjectConfigurationPlatforms) = postSolution
		{871A548F-45E2-4D9A-8AE4-717B3902DE15}.Debug|Any CPU.ActiveCfg = Debug|Any CPU
		{871A548F-45E2-4D9A-8AE4-717B3902DE15}.Debug|Any CPU.Build.0 = Debug|Any CPU
		{871A548F-45E2-4D9A-8AE4-717B3902DE15}.Release|Any CPU.ActiveCfg = Release|Any CPU
		{871A548F-45E2-4D9A-8AE4-717B3902DE15}.Release|Any CPU.Build.0 = Release|Any CPU
		{453D16F3-D3E4-4386-BEE0-66EB7D81E073}.Debug|Any CPU.ActiveCfg = Debug|Any CPU
		{453D16F3-D3E4-4386-BEE0-66EB7D81E073}.Debug|Any CPU.Build.0 = Debug|Any CPU
		{453D16F3-D3E4-4386-BEE0-66EB7D81E073}.Release|Any CPU.ActiveCfg = Release|Any CPU
		{453D16F3-D3E4-4386-BEE0-66EB7D81E073}.Release|Any CPU.Build.0 = Release|Any CPU
		{BC91CCDD-13A9-4204-A2C5-4A97C32BB8A2}.Debug|Any CPU.ActiveCfg = Debug|Any CPU
		{BC91CCDD-13A9-4204-A2C5-4A97C32BB8A2}.Debug|Any CPU.Build.0 = Debug|Any CPU
		{BC91CCDD-13A9-4204-A2C5-4A97C32BB8A2}.Release|Any CPU.ActiveCfg = Release|Any CPU
		{BC91CCDD-13A9-4204-A2C5-4A97C32BB8A2}.Release|Any CPU.Build.0 = Release|Any CPU
	EndGlobalSection
	GlobalSection(SolutionProperties) = preSolution
		HideSolutionNode = FALSE
	EndGlobalSection
	GlobalSection(ExtensibilityGlobals) = postSolution
		SolutionGuid = {41C624DB-7470-4520-9F0B-7A0229CDEAF5}
	EndGlobalSection
EndGlobal
