
Microsoft Visual Studio Solution File, Format Version 12.00
# Visual Studio 15
VisualStudioVersion = 15.0.27428.2015
MinimumVisualStudioVersion = 10.0.40219.1
Project("{FAE04EC0-301F-11D3-BF4B-00C04F79EFBC}") = "CashRegister", "CashRegister\CashRegister.csproj", "{D6AA9D42-1D9F-4ACB-A6B4-5AA5D5D87256}"
EndProject
Global
	GlobalSection(SolutionConfigurationPlatforms) = preSolution
		Debug|Any CPU = Debug|Any CPU
		Release|Any CPU = Release|Any CPU
	EndGlobalSection
	GlobalSection(ProjectConfigurationPlatforms) = postSolution
		{D6AA9D42-1D9F-4ACB-A6B4-5AA5D5D87256}.Debug|Any CPU.ActiveCfg = Debug|Any CPU
		{D6AA9D42-1D9F-4ACB-A6B4-5AA5D5D87256}.Debug|Any CPU.Build.0 = Debug|Any CPU
		{D6AA9D42-1D9F-4ACB-A6B4-5AA5D5D87256}.Release|Any CPU.ActiveCfg = Release|Any CPU
		{D6AA9D42-1D9F-4ACB-A6B4-5AA5D5D87256}.Release|Any CPU.Build.0 = Release|Any CPU
	EndGlobalSection
	GlobalSection(SolutionProperties) = preSolution
		HideSolutionNode = FALSE
	EndGlobalSection
	GlobalSection(ExtensibilityGlobals) = postSolution
		SolutionGuid = {27F108B7-9072-4763-ADF5-4196A8F3ADA0}
	EndGlobalSection
EndGlobal
