
Microsoft Visual Studio Solution File, Format Version 12.00
# Visual Studio Version 16
VisualStudioVersion = 16.0.31321.278
MinimumVisualStudioVersion = 10.0.40219.1
Project("{FAE04EC0-301F-11D3-BF4B-00C04F79EFBC}") = "CashRegisterAppI", "CashRegisterAppI\CashRegisterAppI.csproj", "{7AD20FD0-CD47-41C5-9EAB-210C49883DA9}"
EndProject
Global
	GlobalSection(SolutionConfigurationPlatforms) = preSolution
		Debug|Any CPU = Debug|Any CPU
		Release|Any CPU = Release|Any CPU
	EndGlobalSection
	GlobalSection(ProjectConfigurationPlatforms) = postSolution
		{7AD20FD0-CD47-41C5-9EAB-210C49883DA9}.Debug|Any CPU.ActiveCfg = Debug|Any CPU
		{7AD20FD0-CD47-41C5-9EAB-210C49883DA9}.Debug|Any CPU.Build.0 = Debug|Any CPU
		{7AD20FD0-CD47-41C5-9EAB-210C49883DA9}.Release|Any CPU.ActiveCfg = Release|Any CPU
		{7AD20FD0-CD47-41C5-9EAB-210C49883DA9}.Release|Any CPU.Build.0 = Release|Any CPU
	EndGlobalSection
	GlobalSection(SolutionProperties) = preSolution
		HideSolutionNode = FALSE
	EndGlobalSection
	GlobalSection(ExtensibilityGlobals) = postSolution
		SolutionGuid = {A9D7D29D-99C2-44EE-978D-8CE690D05ADB}
	EndGlobalSection
EndGlobal
